<?xml version="1.0" encoding="utf-8"?>
<Project ToolsVersion="4.0" xmlns="http://schemas.microsoft.com/developer/msbuild/2003">
  <ItemGroup>
    <Filter Include="sinter">
      <UniqueIdentifier>{9A9ECA1B-8640-F5F1-6FFB-08465B3C7C42}</UniqueIdentifier>
    </Filter>
    <Filter Include="sinter\core">
      <UniqueIdentifier>{527FE203-BE34-5BF9-4729-55D0B3DD51FD}</UniqueIdentifier>
    </Filter>
    <Filter Include="sinter\core\logging">
      <UniqueIdentifier>{082AE4B5-748B-C1C3-FDF8-07766959F882}</UniqueIdentifier>
    </Filter>
    <Filter Include="sinter\core\memory">
      <UniqueIdentifier>{9A9AE80E-867E-A964-EFDE-A3B7DBE193E6}</UniqueIdentifier>
    </Filter>
  </ItemGroup>
  <ItemGroup>
    <ClInclude Include="src\sepch.h" />
    <ClInclude Include="src\sinter\core\api.h">
      <Filter>sinter\core</Filter>
    </ClInclude>
    <ClInclude Include="src\sinter\core\assert.h">
      <Filter>sinter\core</Filter>
    </ClInclude>
    <ClInclude Include="src\sinter\core\defines.h">
      <Filter>sinter\core</Filter>
    </ClInclude>
    <ClInclude Include="src\sinter\core\logging\logger.h">
      <Filter>sinter\core\logging</Filter>
    </ClInclude>
    <ClInclude Include="src\sinter\core\logging\logger_types.h">
      <Filter>sinter\core\logging</Filter>
    </ClInclude>
    <ClInclude Include="src\sinter\core\memory\memory.h">
      <Filter>sinter\core\memory</Filter>
    </ClInclude>
    <ClInclude Include="src\sinter\core\memory\memory_types.h">
      <Filter>sinter\core\memory</Filter>
    </ClInclude>
    <ClInclude Include="src\sinter\core\memory\memory_utils.h">
      <Filter>sinter\core\memory</Filter>
    </ClInclude>
    <ClInclude Include="src\sinter\core\platform.h">
      <Filter>sinter\core</Filter>
    </ClInclude>
    <ClInclude Include="src\sinter\core\typedefs.h">
      <Filter>sinter\core</Filter>
    </ClInclude>
    <ClInclude Include="src\sinter\core\version.h">
      <Filter>sinter\core</Filter>
    </ClInclude>
    <ClInclude Include="src\sinter\sinter.h">
      <Filter>sinter</Filter>
    </ClInclude>
    <ClInclude Include="src\sinter\core\patterns\singleton.h" />
  </ItemGroup>
  <ItemGroup>
    <ClCompile Include="src\sepch.cpp" />
    <ClCompile Include="src\sinter\core\logging\logger.cpp">
      <Filter>sinter\core\logging</Filter>
    </ClCompile>
    <ClCompile Include="src\sinter\core\memory\memory.cpp">
      <Filter>sinter\core\memory</Filter>
    </ClCompile>
  </ItemGroup>
</Project>