<Solution Description="Visual Studio slnx file generated by Premake" Version="1.4">
  <Configurations>
    <BuildType Name="Debug" />
    <BuildType Name="Release" />
    <Platform Name="x64" />
  </Configurations>
  <Project Path="Playground\Playground.vcxproj" Id="0A67447D-F61E-86CA-5F26-5F264BFD20BB" DefaultStartup="true">
    <BuildDependency Project="SinterEngine\SinterEngine.vcxproj" />
  </Project>
  <Project Path="SinterEngine\SinterEngine.vcxproj" Id="10C1DA95-FC23-6A3A-A5A9-A2F091EB35BD">
  </Project>
</Solution>